
Microsoft Visual Studio Solution File, Format Version 12.00
# Visual Studio Version 16
VisualStudioVersion = 16.0.30011.22
MinimumVisualStudioVersion = 10.0.40219.1
Project("{FAE04EC0-301F-11D3-BF4B-00C04F79EFBC}") = "LESSON_SEVEN", "LESSON_SEVEN\LESSON_SEVEN.csproj", "{B92432CE-F124-4260-BC03-793F7B9FFE9A}"
EndProject
Global
	GlobalSection(SolutionConfigurationPlatforms) = preSolution
		Debug|Any CPU = Debug|Any CPU
		Release|Any CPU = Release|Any CPU
	EndGlobalSection
	GlobalSection(ProjectConfigurationPlatforms) = postSolution
		{B92432CE-F124-4260-BC03-793F7B9FFE9A}.Debug|Any CPU.ActiveCfg = Debug|Any CPU
		{B92432CE-F124-4260-BC03-793F7B9FFE9A}.Debug|Any CPU.Build.0 = Debug|Any CPU
		{B92432CE-F124-4260-BC03-793F7B9FFE9A}.Release|Any CPU.ActiveCfg = Release|Any CPU
		{B92432CE-F124-4260-BC03-793F7B9FFE9A}.Release|Any CPU.Build.0 = Release|Any CPU
	EndGlobalSection
	GlobalSection(SolutionProperties) = preSolution
		HideSolutionNode = FALSE
	EndGlobalSection
	GlobalSection(ExtensibilityGlobals) = postSolution
		SolutionGuid = {C9CB5593-E9AF-44B9-B4DC-A31EF86FB5B1}
	EndGlobalSection
EndGlobal
